// !$*UTF8*$!
{
	archiveVersion = 1;
	classes = {
	};
	objectVersion = 77;
	objects = {

/* Begin PBXContainerItemProxy section */
		B5C6CD022F307F5000827083 /* PBXContainerItemProxy */ = {
			isa = PBXContainerItemProxy;
			containerPortal = B5C6CCEC2F307F4F00827083 /* Project object */;
			proxyType = 1;
			remoteGlobalIDString = B5C6CCF32F307F4F00827083;
			remoteInfo = "offline-capabilty-coreML";
		};
		B5C6CD0C2F307F5000827083 /* PBXContainerItemProxy */ = {
			isa = PBXContainerItemProxy;
			containerPortal = B5C6CCEC2F307F4F00827083 /* Project object */;
			proxyType = 1;
			remoteGlobalIDString = B5C6CCF32F307F4F00827083;
			remoteInfo = "offline-capabilty-coreML";
		};
/* End PBXContainerItemProxy section */

/* Begin PBXFileReference section */
		B5C6CCF42F307F4F00827083 /* offline-capabilty-coreML.app */ = {isa = PBXFileReference; explicitFileType = wrapper.application; includeInIndex = 0; path = "offline-capabilty-coreML.app"; sourceTree = BUILT_PRODUCTS_DIR; };
		B5C6CD012F307F5000827083 /* offline-capabilty-coreMLTests.xctest */ = {isa = PBXFileReference; explicitFileType = wrapper.cfbundle; includeInIndex = 0; path = "offline-capabilty-coreMLTests.xctest"; sourceTree = BUILT_PRODUCTS_DIR; };
		B5C6CD0B2F307F5000827083 /* offline-capabilty-coreMLUITests.xctest */ = {isa = PBXFileReference; explicitFileType = wrapper.cfbundle; includeInIndex = 0; path = "offline-capabilty-coreMLUITests.xctest"; sourceTree = BUILT_PRODUCTS_DIR; };
/* End PBXFileReference section */

/* Begin PBXFileSystemSynchronizedRootGroup section */
		B5C6CCF62F307F4F00827083 /* offline-capabilty-coreML */ = {
			isa = PBXFileSystemSynchronizedRootGroup;
			path = "offline-capabilty-coreML";
			sourceTree = "<group>";
		};
		B5C6CD042F307F5000827083 /* offline-capabilty-coreMLTests */ = {
			isa = PBXFileSystemSynchronizedRootGroup;
			path = "offline-capabilty-coreMLTests";
			sourceTree = "<group>";
		};
		B5C6CD0E2F307F5000827083 /* offline-capabilty-coreMLUITests */ = {
			isa = PBXFileSystemSynchronizedRootGroup;
			path = "offline-capabilty-coreMLUITests";
			sourceTree = "<group>";
		};
/* End PBXFileSystemSynchronizedRootGroup section */

/* Begin PBXFrameworksBuildPhase section */
		B5C6CCF12F307F4F00827083 /* Frameworks */ = {
			isa = PBXFrameworksBuildPhase;
			buildActionMask = 2147483647;
			files = (
			);
			runOnlyForDeploymentPostprocessing = 0;
		};
		B5C6CCFE2F307F5000827083 /* Frameworks */ = {
			isa = PBXFrameworksBuildPhase;
			buildActionMask = 2147483647;
			files = (
			);
			runOnlyForDeploymentPostprocessing = 0;
		};
		B5C6CD082F307F5000827083 /* Frameworks */ = {
			isa = PBXFrameworksBuildPhase;
			buildActionMask = 2147483647;
			files = (
			);
			runOnlyForDeploymentPostprocessing = 0;
		};
/* End PBXFrameworksBuildPhase section */

/* Begin PBXGroup section */
		B5C6CCEB2F307F4F00827083 = {
			isa = PBXGroup;
			children = (
				B5C6CCF62F307F4F00827083 /* offline-capabilty-coreML */,
				B5C6CD042F307F5000827083 /* offline-capabilty-coreMLTests */,
				B5C6CD0E2F307F5000827083 /* offline-capabilty-coreMLUITests */,
				B5C6CCF52F307F4F00827083 /* Products */,
			);
			sourceTree = "<group>";
		};
		B5C6CCF52F307F4F00827083 /* Products */ = {
			isa = PBXGroup;
			children = (
				B5C6CCF42F307F4F00827083 /* offline-capabilty-coreML.app */,
				B5C6CD012F307F5000827083 /* offline-capabilty-coreMLTests.xctest */,
				B5C6CD0B2F307F5000827083 /* offline-capabilty-coreMLUITests.xctest */,
			);
			name = Products;
			sourceTree = "<group>";
		};
/* End PBXGroup section */

/* Begin PBXNativeTarget section */
		B5C6CCF32F307F4F00827083 /* offline-capabilty-coreML */ = {
			isa = PBXNativeTarget;
			buildConfigurationList = B5C6CD152F307F5000827083 /* Build configuration list for PBXNativeTarget "offline-capabilty-coreML" */;
			buildPhases = (
				B5C6CCF02F307F4F00827083 /* Sources */,
				B5C6CCF12F307F4F00827083 /* Frameworks */,
				B5C6CCF22F307F4F00827083 /* Resources */,
			);
			buildRules = (
			);
			dependencies = (
			);
			fileSystemSynchronizedGroups = (
				B5C6CCF62F307F4F00827083 /* offline-capabilty-coreML */,
			);
			name = "offline-capabilty-coreML";
			packageProductDependencies = (
			);
			productName = "offline-capabilty-coreML";
			productReference = B5C6CCF42F307F4F00827083 /* offline-capabilty-coreML.app */;
			productType = "com.apple.product-type.application";
		};
		B5C6CD002F307F5000827083 /* offline-capabilty-coreMLTests */ = {
			isa = PBXNativeTarget;
			buildConfigurationList = B5C6CD182F307F5000827083 /* Build configuration list for PBXNativeTarget "offline-capabilty-coreMLTests" */;
			buildPhases = (
				B5C6CCFD2F307F5000827083 /* Sources */,
				B5C6CCFE2F307F5000827083 /* Frameworks */,
				B5C6CCFF2F307F5000827083 /* Resources */,
			);
			buildRules = (
			);
			dependencies = (
				B5C6CD032F307F5000827083 /* PBXTargetDependency */,
			);
			fileSystemSynchronizedGroups = (
				B5C6CD042F307F5000827083 /* offline-capabilty-coreMLTests */,
			);
			name = "offline-capabilty-coreMLTests";
			packageProductDependencies = (
			);
			productName = "offline-capabilty-coreMLTests";
			productReference = B5C6CD012F307F5000827083 /* offline-capabilty-coreMLTests.xctest */;
			productType = "com.apple.product-type.bundle.unit-test";
		};
		B5C6CD0A2F307F5000827083 /* offline-capabilty-coreMLUITests */ = {
			isa = PBXNativeTarget;
			buildConfigurationList = B5C6CD1B2F307F5000827083 /* Build configuration list for PBXNativeTarget "offline-capabilty-coreMLUITests" */;
			buildPhases = (
				B5C6CD072F307F5000827083 /* Sources */,
				B5C6CD082F307F5000827083 /* Frameworks */,
				B5C6CD092F307F5000827083 /* Resources */,
			);
			buildRules = (
			);
			dependencies = (
				B5C6CD0D2F307F5000827083 /* PBXTargetDependency */,
			);
			fileSystemSynchronizedGroups = (
				B5C6CD0E2F307F5000827083 /* offline-capabilty-coreMLUITests */,
			);
			name = "offline-capabilty-coreMLUITests";
			packageProductDependencies = (
			);
			productName = "offline-capabilty-coreMLUITests";
			productReference = B5C6CD0B2F307F5000827083 /* offline-capabilty-coreMLUITests.xctest */;
			productType = "com.apple.product-type.bundle.ui-testing";
		};
/* End PBXNativeTarget section */

/* Begin PBXProject section */
		B5C6CCEC2F307F4F00827083 /* Project object */ = {
			isa = PBXProject;
			attributes = {
				BuildIndependentTargetsInParallel = 1;
				LastSwiftUpdateCheck = 2600;
				LastUpgradeCheck = 2600;
				TargetAttributes = {
					B5C6CCF32F307F4F00827083 = {
						CreatedOnToolsVersion = 26.0.1;
					};
					B5C6CD002F307F5000827083 = {
						CreatedOnToolsVersion = 26.0.1;
						TestTargetID = B5C6CCF32F307F4F00827083;
					};
					B5C6CD0A2F307F5000827083 = {
						CreatedOnToolsVersion = 26.0.1;
						TestTargetID = B5C6CCF32F307F4F00827083;
					};
				};
			};
			buildConfigurationList = B5C6CCEF2F307F4F00827083 /* Build configuration list for PBXProject "offline-capabilty-coreML" */;
			developmentRegion = en;
			hasScannedForEncodings = 0;
			knownRegions = (
				en,
				Base,
			);
			mainGroup = B5C6CCEB2F307F4F00827083;
			minimizedProjectReferenceProxies = 1;
			preferredProjectObjectVersion = 77;
			productRefGroup = B5C6CCF52F307F4F00827083 /* Products */;
			projectDirPath = "";
			projectRoot = "";
			targets = (
				B5C6CCF32F307F4F00827083 /* offline-capabilty-coreML */,
				B5C6CD002F307F5000827083 /* offline-capabilty-coreMLTests */,
				B5C6CD0A2F307F5000827083 /* offline-capabilty-coreMLUITests */,
			);
		};
/* End PBXProject section */

/* Begin PBXResourcesBuildPhase section */
		B5C6CCF22F307F4F00827083 /* Resources */ = {
			isa = PBXResourcesBuildPhase;
			buildActionMask = 2147483647;
			files = (
			);
			runOnlyForDeploymentPostprocessing = 0;
		};
		B5C6CCFF2F307F5000827083 /* Resources */ = {
			isa = PBXResourcesBuildPhase;
			buildActionMask = 2147483647;
			files = (
			);
			runOnlyForDeploymentPostprocessing = 0;
		};
		B5C6CD092F307F5000827083 /* Resources */ = {
			isa = PBXResourcesBuildPhase;
			buildActionMask = 2147483647;
			files = (
			);
			runOnlyForDeploymentPostprocessing = 0;
		};
/* End PBXResourcesBuildPhase section */

/* Begin PBXSourcesBuildPhase section */
		B5C6CCF02F307F4F00827083 /* Sources */ = {
			isa = PBXSourcesBuildPhase;
			buildActionMask = 2147483647;
			files = (
			);
			runOnlyForDeploymentPostprocessing = 0;
		};
		B5C6CCFD2F307F5000827083 /* Sources */ = {
			isa = PBXSourcesBuildPhase;
			buildActionMask = 2147483647;
			files = (
			);
			runOnlyForDeploymentPostprocessing = 0;
		};
		B5C6CD072F307F5000827083 /* Sources */ = {
			isa = PBXSourcesBuildPhase;
			buildActionMask = 2147483647;
			files = (
			);
			runOnlyForDeploymentPostprocessing = 0;
		};
/* End PBXSourcesBuildPhase section */

/* Begin PBXTargetDependency section */
		B5C6CD032F307F5000827083 /* PBXTargetDependency */ = {
			isa = PBXTargetDependency;
			target = B5C6CCF32F307F4F00827083 /* offline-capabilty-coreML */;
			targetProxy = B5C6CD022F307F5000827083 /* PBXContainerItemProxy */;
		};
		B5C6CD0D2F307F5000827083 /* PBXTargetDependency */ = {
			isa = PBXTargetDependency;
			target = B5C6CCF32F307F4F00827083 /* offline-capabilty-coreML */;
			targetProxy = B5C6CD0C2F307F5000827083 /* PBXContainerItemProxy */;
		};
/* End PBXTargetDependency section */

/* Begin XCBuildConfiguration section */
		B5C6CD132F307F5000827083 /* Debug */ = {
			isa = XCBuildConfiguration;
			buildSettings = {
				ALWAYS_SEARCH_USER_PATHS = NO;
				ASSETCATALOG_COMPILER_GENERATE_SWIFT_ASSET_SYMBOL_EXTENSIONS = YES;
				CLANG_ANALYZER_NONNULL = YES;
				CLANG_ANALYZER_NUMBER_OBJECT_CONVERSION = YES_AGGRESSIVE;
				CLANG_CXX_LANGUAGE_STANDARD = "gnu++20";
				CLANG_ENABLE_MODULES = YES;
				CLANG_ENABLE_OBJC_ARC = YES;
				CLANG_ENABLE_OBJC_WEAK = YES;
				CLANG_WARN_BLOCK_CAPTURE_AUTORELEASING = YES;
				CLANG_WARN_BOOL_CONVERSION = YES;
				CLANG_WARN_COMMA = YES;
				CLANG_WARN_CONSTANT_CONVERSION = YES;
				CLANG_WARN_DEPRECATED_OBJC_IMPLEMENTATIONS = YES;
				CLANG_WARN_DIRECT_OBJC_ISA_USAGE = YES_ERROR;
				CLANG_WARN_DOCUMENTATION_COMMENTS = YES;
				CLANG_WARN_EMPTY_BODY = YES;
				CLANG_WARN_ENUM_CONVERSION = YES;
				CLANG_WARN_INFINITE_RECURSION = YES;
				CLANG_WARN_INT_CONVERSION = YES;
				CLANG_WARN_NON_LITERAL_NULL_CONVERSION = YES;
				CLANG_WARN_OBJC_IMPLICIT_RETAIN_SELF = YES;
				CLANG_WARN_OBJC_LITERAL_CONVERSION = YES;
				CLANG_WARN_OBJC_ROOT_CLASS = YES_ERROR;
				CLANG_WARN_QUOTED_INCLUDE_IN_FRAMEWORK_HEADER = YES;
				CLANG_WARN_RANGE_LOOP_ANALYSIS = YES;
				CLANG_WARN_STRICT_PROTOTYPES = YES;
				CLANG_WARN_SUSPICIOUS_MOVE = YES;
				CLANG_WARN_UNGUARDED_AVAILABILITY = YES_AGGRESSIVE;
				CLANG_WARN_UNREACHABLE_CODE = YES;
				CLANG_WARN__DUPLICATE_METHOD_MATCH = YES;
				COPY_PHASE_STRIP = NO;
				DEBUG_INFORMATION_FORMAT = dwarf;
				DEVELOPMENT_TEAM = 2AJ4FJTLAA;
				ENABLE_STRICT_OBJC_MSGSEND = YES;
				ENABLE_TESTABILITY = YES;
				ENABLE_USER_SCRIPT_SANDBOXING = YES;
				GCC_C_LANGUAGE_STANDARD = gnu17;
				GCC_DYNAMIC_NO_PIC = NO;
				GCC_NO_COMMON_BLOCKS = YES;
				GCC_OPTIMIZATION_LEVEL = 0;
				GCC_PREPROCESSOR_DEFINITIONS = (
					"DEBUG=1",
					"$(inherited)",
				);
				GCC_WARN_64_TO_32_BIT_CONVERSION = YES;
				GCC_WARN_ABOUT_RETURN_TYPE = YES_ERROR;
				GCC_WARN_UNDECLARED_SELECTOR = YES;
				GCC_WARN_UNINITIALIZED_AUTOS = YES_AGGRESSIVE;
				GCC_WARN_UNUSED_FUNCTION = YES;
				GCC_WARN_UNUSED_VARIABLE = YES;
				IPHONEOS_DEPLOYMENT_TARGET = 26.0;
				LOCALIZATION_PREFERS_STRING_CATALOGS = YES;
				MTL_ENABLE_DEBUG_INFO = INCLUDE_SOURCE;
				MTL_FAST_MATH = YES;
				ONLY_ACTIVE_ARCH = YES;
				SDKROOT = iphoneos;
				SWIFT_ACTIVE_COMPILATION_CONDITIONS = "DEBUG $(inherited)";
				SWIFT_OPTIMIZATION_LEVEL = "-Onone";
			};
			name = Debug;
		};
		B5C6CD142F307F5000827083 /* Release */ = {
			isa = XCBuildConfiguration;
			buildSettings = {
				ALWAYS_SEARCH_USER_PATHS = NO;
				ASSETCATALOG_COMPILER_GENERATE_SWIFT_ASSET_SYMBOL_EXTENSIONS = YES;
				CLANG_ANALYZER_NONNULL = YES;
				CLANG_ANALYZER_NUMBER_OBJECT_CONVERSION = YES_AGGRESSIVE;
				CLANG_CXX_LANGUAGE_STANDARD = "gnu++20";
				CLANG_ENABLE_MODULES = YES;
				CLANG_ENABLE_OBJC_ARC = YES;
				CLANG_ENABLE_OBJC_WEAK = YES;
				CLANG_WARN_BLOCK_CAPTURE_AUTORELEASING = YES;
				CLANG_WARN_BOOL_CONVERSION = YES;
				CLANG_WARN_COMMA = YES;
				CLANG_WARN_CONSTANT_CONVERSION = YES;
				CLANG_WARN_DEPRECATED_OBJC_IMPLEMENTATIONS = YES;
				CLANG_WARN_DIRECT_OBJC_ISA_USAGE = YES_ERROR;
				CLANG_WARN_DOCUMENTATION_COMMENTS = YES;
				CLANG_WARN_EMPTY_BODY = YES;
				CLANG_WARN_ENUM_CONVERSION = YES;
				CLANG_WARN_INFINITE_RECURSION = YES;
				CLANG_WARN_INT_CONVERSION = YES;
				CLANG_WARN_NON_LITERAL_NULL_CONVERSION = YES;
				CLANG_WARN_OBJC_IMPLICIT_RETAIN_SELF = YES;
				CLANG_WARN_OBJC_LITERAL_CONVERSION = YES;
				CLANG_WARN_OBJC_ROOT_CLASS = YES_ERROR;
				CLANG_WARN_QUOTED_INCLUDE_IN_FRAMEWORK_HEADER = YES;
				CLANG_WARN_RANGE_LOOP_ANALYSIS = YES;
				CLANG_WARN_STRICT_PROTOTYPES = YES;
				CLANG_WARN_SUSPICIOUS_MOVE = YES;
				CLANG_WARN_UNGUARDED_AVAILABILITY = YES_AGGRESSIVE;
				CLANG_WARN_UNREACHABLE_CODE = YES;
				CLANG_WARN__DUPLICATE_METHOD_MATCH = YES;
				COPY_PHASE_STRIP = NO;
				DEBUG_INFORMATION_FORMAT = "dwarf-with-dsym";
				DEVELOPMENT_TEAM = 2AJ4FJTLAA;
				ENABLE_NS_ASSERTIONS = NO;
				ENABLE_STRICT_OBJC_MSGSEND = YES;
				ENABLE_USER_SCRIPT_SANDBOXING = YES;
				GCC_C_LANGUAGE_STANDARD = gnu17;
				GCC_NO_COMMON_BLOCKS = YES;
				GCC_WARN_64_TO_32_BIT_CONVERSION = YES;
				GCC_WARN_ABOUT_RETURN_TYPE = YES_ERROR;
				GCC_WARN_UNDECLARED_SELECTOR = YES;
				GCC_WARN_UNINITIALIZED_AUTOS = YES_AGGRESSIVE;
				GCC_WARN_UNUSED_FUNCTION = YES;
				GCC_WARN_UNUSED_VARIABLE = YES;
				IPHONEOS_DEPLOYMENT_TARGET = 26.0;
				LOCALIZATION_PREFERS_STRING_CATALOGS = YES;
				MTL_ENABLE_DEBUG_INFO = NO;
				MTL_FAST_MATH = YES;
				SDKROOT = iphoneos;
				SWIFT_COMPILATION_MODE = wholemodule;
				VALIDATE_PRODUCT = YES;
			};
			name = Release;
		};
		B5C6CD162F307F5000827083 /* Debug */ = {
			isa = XCBuildConfiguration;
			buildSettings = {
				ASSETCATALOG_COMPILER_APPICON_NAME = AppIcon;
				ASSETCATALOG_COMPILER_GLOBAL_ACCENT_COLOR_NAME = AccentColor;
				CODE_SIGN_STYLE = Automatic;
				CURRENT_PROJECT_VERSION = 1;
				DEVELOPMENT_TEAM = 2AJ4FJTLAA;
				ENABLE_PREVIEWS = YES;
				GENERATE_INFOPLIST_FILE = YES;
				INFOPLIST_KEY_UIApplicationSceneManifest_Generation = YES;
				INFOPLIST_KEY_UIApplicationSupportsIndirectInputEvents = YES;
				INFOPLIST_KEY_UILaunchScreen_Generation = YES;
				INFOPLIST_KEY_UISupportedInterfaceOrientations_iPad = "UIInterfaceOrientationPortrait UIInterfaceOrientationPortraitUpsideDown UIInterfaceOrientationLandscapeLeft UIInterfaceOrientationLandscapeRight";
				INFOPLIST_KEY_UISupportedInterfaceOrientations_iPhone = "UIInterfaceOrientationPortrait UIInterfaceOrientationLandscapeLeft UIInterfaceOrientationLandscapeRight";
				LD_RUNPATH_SEARCH_PATHS = (
					"$(inherited)",
					"@executable_path/Frameworks",
				);
				MARKETING_VERSION = 1.0;
				PRODUCT_BUNDLE_IDENTIFIER = "saidurga.offline-capabilty-coreML";
				PRODUCT_NAME = "$(TARGET_NAME)";
				STRING_CATALOG_GENERATE_SYMBOLS = YES;
				SWIFT_APPROACHABLE_CONCURRENCY = YES;
				SWIFT_DEFAULT_ACTOR_ISOLATION = MainActor;
				SWIFT_EMIT_LOC_STRINGS = YES;
				SWIFT_UPCOMING_FEATURE_MEMBER_IMPORT_VISIBILITY = YES;
				SWIFT_VERSION = 5.0;
				TARGETED_DEVICE_FAMILY = "1,2";
			};
			name = Debug;
		};
		B5C6CD172F307F5000827083 /* Release */ = {
			isa = XCBuildConfiguration;
			buildSettings = {
				ASSETCATALOG_COMPILER_APPICON_NAME = AppIcon;
				ASSETCATALOG_COMPILER_GLOBAL_ACCENT_COLOR_NAME = AccentColor;
				CODE_SIGN_STYLE = Automatic;
				CURRENT_PROJECT_VERSION = 1;
				DEVELOPMENT_TEAM = 2AJ4FJTLAA;
				ENABLE_PREVIEWS = YES;
				GENERATE_INFOPLIST_FILE = YES;
				INFOPLIST_KEY_UIApplicationSceneManifest_Generation = YES;
				INFOPLIST_KEY_UIApplicationSupportsIndirectInputEvents = YES;
				INFOPLIST_KEY_UILaunchScreen_Generation = YES;
				INFOPLIST_KEY_UISupportedInterfaceOrientations_iPad = "UIInterfaceOrientationPortrait UIInterfaceOrientationPortraitUpsideDown UIInterfaceOrientationLandscapeLeft UIInterfaceOrientationLandscapeRight";
				INFOPLIST_KEY_UISupportedInterfaceOrientations_iPhone = "UIInterfaceOrientationPortrait UIInterfaceOrientationLandscapeLeft UIInterfaceOrientationLandscapeRight";
				LD_RUNPATH_SEARCH_PATHS = (
					"$(inherited)",
					"@executable_path/Frameworks",
				);
				MARKETING_VERSION = 1.0;
				PRODUCT_BUNDLE_IDENTIFIER = "saidurga.offline-capabilty-coreML";
				PRODUCT_NAME = "$(TARGET_NAME)";
				STRING_CATALOG_GENERATE_SYMBOLS = YES;
				SWIFT_APPROACHABLE_CONCURRENCY = YES;
				SWIFT_DEFAULT_ACTOR_ISOLATION = MainActor;
				SWIFT_EMIT_LOC_STRINGS = YES;
				SWIFT_UPCOMING_FEATURE_MEMBER_IMPORT_VISIBILITY = YES;
				SWIFT_VERSION = 5.0;
				TARGETED_DEVICE_FAMILY = "1,2";
			};
			name = Release;
		};
		B5C6CD192F307F5000827083 /* Debug */ = {
			isa = XCBuildConfiguration;
			buildSettings = {
				BUNDLE_LOADER = "$(TEST_HOST)";
				CODE_SIGN_STYLE = Automatic;
				CURRENT_PROJECT_VERSION = 1;
				DEVELOPMENT_TEAM = 2AJ4FJTLAA;
				GENERATE_INFOPLIST_FILE = YES;
				IPHONEOS_DEPLOYMENT_TARGET = 26.0;
				MARKETING_VERSION = 1.0;
				PRODUCT_BUNDLE_IDENTIFIER = "saidurga.offline-capabilty-coreMLTests";
				PRODUCT_NAME = "$(TARGET_NAME)";
				STRING_CATALOG_GENERATE_SYMBOLS = NO;
				SWIFT_APPROACHABLE_CONCURRENCY = YES;
				SWIFT_EMIT_LOC_STRINGS = NO;
				SWIFT_UPCOMING_FEATURE_MEMBER_IMPORT_VISIBILITY = YES;
				SWIFT_VERSION = 5.0;
				TARGETED_DEVICE_FAMILY = "1,2";
				TEST_HOST = "$(BUILT_PRODUCTS_DIR)/offline-capabilty-coreML.app/$(BUNDLE_EXECUTABLE_FOLDER_PATH)/offline-capabilty-coreML";
			};
			name = Debug;
		};
		B5C6CD1A2F307F5000827083 /* Release */ = {
			isa = XCBuildConfiguration;
			buildSettings = {
				BUNDLE_LOADER = "$(TEST_HOST)";
				CODE_SIGN_STYLE = Automatic;
				CURRENT_PROJECT_VERSION = 1;
				DEVELOPMENT_TEAM = 2AJ4FJTLAA;
				GENERATE_INFOPLIST_FILE = YES;
				IPHONEOS_DEPLOYMENT_TARGET = 26.0;
				MARKETING_VERSION = 1.0;
				PRODUCT_BUNDLE_IDENTIFIER = "saidurga.offline-capabilty-coreMLTests";
				PRODUCT_NAME = "$(TARGET_NAME)";
				STRING_CATALOG_GENERATE_SYMBOLS = NO;
				SWIFT_APPROACHABLE_CONCURRENCY = YES;
				SWIFT_EMIT_LOC_STRINGS = NO;
				SWIFT_UPCOMING_FEATURE_MEMBER_IMPORT_VISIBILITY = YES;
				SWIFT_VERSION = 5.0;
				TARGETED_DEVICE_FAMILY = "1,2";
				TEST_HOST = "$(BUILT_PRODUCTS_DIR)/offline-capabilty-coreML.app/$(BUNDLE_EXECUTABLE_FOLDER_PATH)/offline-capabilty-coreML";
			};
			name = Release;
		};
		B5C6CD1C2F307F5000827083 /* Debug */ = {
			isa = XCBuildConfiguration;
			buildSettings = {
				CODE_SIGN_STYLE = Automatic;
				CURRENT_PROJECT_VERSION = 1;
				DEVELOPMENT_TEAM = 2AJ4FJTLAA;
				GENERATE_INFOPLIST_FILE = YES;
				MARKETING_VERSION = 1.0;
				PRODUCT_BUNDLE_IDENTIFIER = "saidurga.offline-capabilty-coreMLUITests";
				PRODUCT_NAME = "$(TARGET_NAME)";
				STRING_CATALOG_GENERATE_SYMBOLS = NO;
				SWIFT_APPROACHABLE_CONCURRENCY = YES;
				SWIFT_EMIT_LOC_STRINGS = NO;
				SWIFT_UPCOMING_FEATURE_MEMBER_IMPORT_VISIBILITY = YES;
				SWIFT_VERSION = 5.0;
				TARGETED_DEVICE_FAMILY = "1,2";
				TEST_TARGET_NAME = "offline-capabilty-coreML";
			};
			name = Debug;
		};
		B5C6CD1D2F307F5000827083 /* Release */ = {
			isa = XCBuildConfiguration;
			buildSettings = {
				CODE_SIGN_STYLE = Automatic;
				CURRENT_PROJECT_VERSION = 1;
				DEVELOPMENT_TEAM = 2AJ4FJTLAA;
				GENERATE_INFOPLIST_FILE = YES;
				MARKETING_VERSION = 1.0;
				PRODUCT_BUNDLE_IDENTIFIER = "saidurga.offline-capabilty-coreMLUITests";
				PRODUCT_NAME = "$(TARGET_NAME)";
				STRING_CATALOG_GENERATE_SYMBOLS = NO;
				SWIFT_APPROACHABLE_CONCURRENCY = YES;
				SWIFT_EMIT_LOC_STRINGS = NO;
				SWIFT_UPCOMING_FEATURE_MEMBER_IMPORT_VISIBILITY = YES;
				SWIFT_VERSION = 5.0;
				TARGETED_DEVICE_FAMILY = "1,2";
				TEST_TARGET_NAME = "offline-capabilty-coreML";
			};
			name = Release;
		};
/* End XCBuildConfiguration section */

/* Begin XCConfigurationList section */
		B5C6CCEF2F307F4F00827083 /* Build configuration list for PBXProject "offline-capabilty-coreML" */ = {
			isa = XCConfigurationList;
			buildConfigurations = (
				B5C6CD132F307F5000827083 /* Debug */,
				B5C6CD142F307F5000827083 /* Release */,
			);
			defaultConfigurationIsVisible = 0;
			defaultConfigurationName = Release;
		};
		B5C6CD152F307F5000827083 /* Build configuration list for PBXNativeTarget "offline-capabilty-coreML" */ = {
			isa = XCConfigurationList;
			buildConfigurations = (
				B5C6CD162F307F5000827083 /* Debug */,
				B5C6CD172F307F5000827083 /* Release */,
			);
			defaultConfigurationIsVisible = 0;
			defaultConfigurationName = Release;
		};
		B5C6CD182F307F5000827083 /* Build configuration list for PBXNativeTarget "offline-capabilty-coreMLTests" */ = {
			isa = XCConfigurationList;
			buildConfigurations = (
				B5C6CD192F307F5000827083 /* Debug */,
				B5C6CD1A2F307F5000827083 /* Release */,
			);
			defaultConfigurationIsVisible = 0;
			defaultConfigurationName = Release;
		};
		B5C6CD1B2F307F5000827083 /* Build configuration list for PBXNativeTarget "offline-capabilty-coreMLUITests" */ = {
			isa = XCConfigurationList;
			buildConfigurations = (
				B5C6CD1C2F307F5000827083 /* Debug */,
				B5C6CD1D2F307F5000827083 /* Release */,
			);
			defaultConfigurationIsVisible = 0;
			defaultConfigurationName = Release;
		};
/* End XCConfigurationList section */
	};
	rootObject = B5C6CCEC2F307F4F00827083 /* Project object */;
}
